
Microsoft Visual Studio Solution File, Format Version 12.00
# Visual Studio 15
VisualStudioVersion = 15.0.28307.902
MinimumVisualStudioVersion = 10.0.40219.1
Project("{E24C65DC-7377-472B-9ABA-BC803B73C61A}") = "mystery code  blog 9", "mystery code  blog 9\", "{1679271E-ACBC-4C53-ACCB-AB764FCEA60B}"
	ProjectSection(WebsiteProperties) = preProject
		TargetFrameworkMoniker = ".NETFramework,Version%3Dv4.6.1"
		Debug.AspNetCompiler.VirtualPath = "/localhost_64293"
		Debug.AspNetCompiler.PhysicalPath = "mystery code  blog 9\"
		Debug.AspNetCompiler.TargetPath = "PrecompiledWeb\localhost_64293\"
		Debug.AspNetCompiler.Updateable = "true"
		Debug.AspNetCompiler.ForceOverwrite = "true"
		Debug.AspNetCompiler.FixedNames = "false"
		Debug.AspNetCompiler.Debug = "True"
		Release.AspNetCompiler.VirtualPath = "/localhost_64293"
		Release.AspNetCompiler.PhysicalPath = "mystery code  blog 9\"
		Release.AspNetCompiler.TargetPath = "PrecompiledWeb\localhost_64293\"
		Release.AspNetCompiler.Updateable = "true"
		Release.AspNetCompiler.ForceOverwrite = "true"
		Release.AspNetCompiler.FixedNames = "false"
		Release.AspNetCompiler.Debug = "False"
		VWDPort = "64293"
		SlnRelativePath = "mystery code  blog 9\"
		DefaultWebSiteLanguage = "Visual C#"
	EndProjectSection
EndProject
Global
	GlobalSection(SolutionConfigurationPlatforms) = preSolution
		Debug|Any CPU = Debug|Any CPU
	EndGlobalSection
	GlobalSection(ProjectConfigurationPlatforms) = postSolution
		{1679271E-ACBC-4C53-ACCB-AB764FCEA60B}.Debug|Any CPU.ActiveCfg = Debug|Any CPU
		{1679271E-ACBC-4C53-ACCB-AB764FCEA60B}.Debug|Any CPU.Build.0 = Debug|Any CPU
	EndGlobalSection
	GlobalSection(SolutionProperties) = preSolution
		HideSolutionNode = FALSE
	EndGlobalSection
	GlobalSection(ExtensibilityGlobals) = postSolution
		SolutionGuid = {9A581088-69C3-4041-B313-D5561EF9065B}
	EndGlobalSection
EndGlobal
